// !$*UTF8*$!
{
	archiveVersion = 1;
	classes = {
	};
	objectVersion = 46;
	objects = {

/* Begin PBXBuildFile section */
		F21F2C0F20191EC3003833A6 /* NavigationController.swift in Sources */ = {isa = PBXBuildFile; fileRef = F21F2C0E20191EC3003833A6 /* NavigationController.swift */; };
		F21F2C1120191ECD003833A6 /* NavigationBar.swift in Sources */ = {isa = PBXBuildFile; fileRef = F21F2C1020191ECD003833A6 /* NavigationBar.swift */; };
		F21F2C1620193F89003833A6 /* TestNavigationChildViewController.swift in Sources */ = {isa = PBXBuildFile; fileRef = F21F2C1520193F89003833A6 /* TestNavigationChildViewController.swift */; };
		F240CC75209F43AF00F58C6F /* IMG_1351.MOV in Resources */ = {isa = PBXBuildFile; fileRef = F240CC74209F43AF00F58C6F /* IMG_1351.MOV */; };
		F24A09E72011967F009279CB /* UIView+Draw.swift in Sources */ = {isa = PBXBuildFile; fileRef = F24A09E62011967F009279CB /* UIView+Draw.swift */; };
		F24A09E920119C7F009279CB /* BlurryPlayerView.swift in Sources */ = {isa = PBXBuildFile; fileRef = F24A09E820119C7F009279CB /* BlurryPlayerView.swift */; };
		F24A09EB2011B13F009279CB /* LibraryPlayerViewController.old3.swift in Sources */ = {isa = PBXBuildFile; fileRef = F24A09EA2011B13F009279CB /* LibraryPlayerViewController.old3.swift */; };
		F24A09ED2011BAB9009279CB /* RootViewController.old.swift in Sources */ = {isa = PBXBuildFile; fileRef = F24A09EC2011BAB9009279CB /* RootViewController.old.swift */; };
		F24A09EF2011C383009279CB /* CustomSlider.old2.swift in Sources */ = {isa = PBXBuildFile; fileRef = F24A09EE2011C383009279CB /* CustomSlider.old2.swift */; };
		F24C620D20198EAF0007AA50 /* BackButton.swift in Sources */ = {isa = PBXBuildFile; fileRef = F24C620C20198EAF0007AA50 /* BackButton.swift */; };
		F24C620F2019C76F0007AA50 /* NavigationBar+Animations.old.swift in Sources */ = {isa = PBXBuildFile; fileRef = F24C620E2019C76F0007AA50 /* NavigationBar+Animations.old.swift */; };
		F24C6211201A8C7A0007AA50 /* NavigationBar+Animations.old2.swift in Sources */ = {isa = PBXBuildFile; fileRef = F24C6210201A8C7A0007AA50 /* NavigationBar+Animations.old2.swift */; };
		F24C6213201A9C340007AA50 /* NavigationBar+Animations.swift in Sources */ = {isa = PBXBuildFile; fileRef = F24C6212201A9C340007AA50 /* NavigationBar+Animations.swift */; };
		F24C6215201ADAC30007AA50 /* BackButton+Animations.swift in Sources */ = {isa = PBXBuildFile; fileRef = F24C6214201ADAC30007AA50 /* BackButton+Animations.swift */; };
		F24C6217201AE6190007AA50 /* NavigationController+Animations.swift in Sources */ = {isa = PBXBuildFile; fileRef = F24C6216201AE6190007AA50 /* NavigationController+Animations.swift */; };
		F24C621A201AE8790007AA50 /* InterfaceOrientation.old.swift in Sources */ = {isa = PBXBuildFile; fileRef = F24C6219201AE8790007AA50 /* InterfaceOrientation.old.swift */; };
		F24C621C201AEB540007AA50 /* StatusBar.old.swift in Sources */ = {isa = PBXBuildFile; fileRef = F24C621B201AEB540007AA50 /* StatusBar.old.swift */; };
		F26A72DC201B96BE00A9CBC3 /* UIViewController+NavigationController.swift in Sources */ = {isa = PBXBuildFile; fileRef = F26A72DB201B96BE00A9CBC3 /* UIViewController+NavigationController.swift */; };
		F26A72DE201BC19F00A9CBC3 /* UIViewController+StatusBar.swift in Sources */ = {isa = PBXBuildFile; fileRef = F26A72DD201BC19F00A9CBC3 /* UIViewController+StatusBar.swift */; };
		F26CA1112011F0D9008128CA /* CustomSlider.old3.swift in Sources */ = {isa = PBXBuildFile; fileRef = F26CA1102011F0D9008128CA /* CustomSlider.old3.swift */; };
		F26CA113201209BA008128CA /* AVPlayer+Util.swift in Sources */ = {isa = PBXBuildFile; fileRef = F26CA112201209BA008128CA /* AVPlayer+Util.swift */; };
		F26CA11520123513008128CA /* LibraryPlayerViewController.old4.swift in Sources */ = {isa = PBXBuildFile; fileRef = F26CA11420123513008128CA /* LibraryPlayerViewController.old4.swift */; };
		F26CA11920123DB8008128CA /* TimeSlider.swift in Sources */ = {isa = PBXBuildFile; fileRef = F26CA11820123DB8008128CA /* TimeSlider.swift */; };
		F26CA11B20124548008128CA /* LibraryPlayerViewController.old2.swift in Sources */ = {isa = PBXBuildFile; fileRef = F26CA11A20124548008128CA /* LibraryPlayerViewController.old2.swift */; };
		F2B9A0EA2014FC0A0010AFE4 /* LibraryViewController.old3.swift in Sources */ = {isa = PBXBuildFile; fileRef = F2B9A0E92014FC0A0010AFE4 /* LibraryViewController.old3.swift */; };
		F2B9A0EC2015F8CB0010AFE4 /* AspectViewController.old3.swift in Sources */ = {isa = PBXBuildFile; fileRef = F2B9A0EB2015F8CB0010AFE4 /* AspectViewController.old3.swift */; };
		F2B9A0EE201627DD0010AFE4 /* BlurryAsset.swift in Sources */ = {isa = PBXBuildFile; fileRef = F2B9A0ED201627DD0010AFE4 /* BlurryAsset.swift */; };
		F2B9A0F0201628CB0010AFE4 /* BlurryAssetManager.swift in Sources */ = {isa = PBXBuildFile; fileRef = F2B9A0EF201628CB0010AFE4 /* BlurryAssetManager.swift */; };
		F2B9A0F2201663E50010AFE4 /* MainViewController.swift in Sources */ = {isa = PBXBuildFile; fileRef = F2B9A0F1201663E50010AFE4 /* MainViewController.swift */; };
		F2B9A0F62017FAAC0010AFE4 /* BlurryAssetsManager.pre.swift in Sources */ = {isa = PBXBuildFile; fileRef = F2B9A0F52017FAAC0010AFE4 /* BlurryAssetsManager.pre.swift */; };
		F2B9A0F82017FBB40010AFE4 /* VideoManagerViewController.swift in Sources */ = {isa = PBXBuildFile; fileRef = F2B9A0F72017FBB40010AFE4 /* VideoManagerViewController.swift */; };
		F2B9A0FB2017FC220010AFE4 /* VideoManagerCell.swift in Sources */ = {isa = PBXBuildFile; fileRef = F2B9A0FA2017FC220010AFE4 /* VideoManagerCell.swift */; };
		F2B9A0FE2017FC780010AFE4 /* VideoPickerViewController.swift in Sources */ = {isa = PBXBuildFile; fileRef = F2B9A0FD2017FC780010AFE4 /* VideoPickerViewController.swift */; };
		F2B9A1002017FC950010AFE4 /* VideoPickerCell.swift in Sources */ = {isa = PBXBuildFile; fileRef = F2B9A0FF2017FC950010AFE4 /* VideoPickerCell.swift */; };
		F2B9A1022017FD8B0010AFE4 /* VideoPlayerViewController.swift in Sources */ = {isa = PBXBuildFile; fileRef = F2B9A1012017FD8B0010AFE4 /* VideoPlayerViewController.swift */; };
		F2B9A1042017FE0A0010AFE4 /* VideoPlayerToolbar.swift in Sources */ = {isa = PBXBuildFile; fileRef = F2B9A1032017FE0A0010AFE4 /* VideoPlayerToolbar.swift */; };
		F2B9A1062018007E0010AFE4 /* VideoPickerViewController+Transitions.swift in Sources */ = {isa = PBXBuildFile; fileRef = F2B9A1052018007E0010AFE4 /* VideoPickerViewController+Transitions.swift */; };
		F2C3B1EF201398AA00B5C595 /* Aspect.swift in Sources */ = {isa = PBXBuildFile; fileRef = F2C3B1EE201398AA00B5C595 /* Aspect.swift */; };
		F2C3B1F12013AB9500B5C595 /* LibraryViewController+Transitions.old.swift in Sources */ = {isa = PBXBuildFile; fileRef = F2C3B1F02013AB9500B5C595 /* LibraryViewController+Transitions.old.swift */; };
		F2C3B1F32014CE9600B5C595 /* LibraryViewController.old2.swift in Sources */ = {isa = PBXBuildFile; fileRef = F2C3B1F22014CE9600B5C595 /* LibraryViewController.old2.swift */; };
		F2C43C8D200C5EC300E99423 /* AppDelegate.swift in Sources */ = {isa = PBXBuildFile; fileRef = F2C43C8C200C5EC300E99423 /* AppDelegate.swift */; };
		F2C43C94200C5EC300E99423 /* Assets.xcassets in Resources */ = {isa = PBXBuildFile; fileRef = F2C43C93200C5EC300E99423 /* Assets.xcassets */; };
		F2C43CA2200C5EC300E99423 /* BlurryVideoTests.swift in Sources */ = {isa = PBXBuildFile; fileRef = F2C43CA1200C5EC300E99423 /* BlurryVideoTests.swift */; };
		F2C43CB1200C5F8500E99423 /* Appearance.old.swift in Sources */ = {isa = PBXBuildFile; fileRef = F2C43CAC200C5F8500E99423 /* Appearance.old.swift */; };
		F2C43CB2200C5F8500E99423 /* ColorPalette.swift in Sources */ = {isa = PBXBuildFile; fileRef = F2C43CAD200C5F8500E99423 /* ColorPalette.swift */; };
		F2C43CB3200C5F8500E99423 /* CustomFont.swift in Sources */ = {isa = PBXBuildFile; fileRef = F2C43CAE200C5F8500E99423 /* CustomFont.swift */; };
		F2C43CB4200C5F8500E99423 /* Logger.swift in Sources */ = {isa = PBXBuildFile; fileRef = F2C43CAF200C5F8500E99423 /* Logger.swift */; };
		F2C43CB5200C5F8500E99423 /* String+Localized.swift in Sources */ = {isa = PBXBuildFile; fileRef = F2C43CB0200C5F8500E99423 /* String+Localized.swift */; };
		F2C43CB8200C5FAE00E99423 /* String+Util.swift in Sources */ = {isa = PBXBuildFile; fileRef = F2C43CB6200C5FAE00E99423 /* String+Util.swift */; };
		F2C43CB9200C5FAE00E99423 /* UIColor+Util.swift in Sources */ = {isa = PBXBuildFile; fileRef = F2C43CB7200C5FAE00E99423 /* UIColor+Util.swift */; };
		F2C43CBF200C602400E99423 /* Localized.strings in Resources */ = {isa = PBXBuildFile; fileRef = F2C43CC1200C602400E99423 /* Localized.strings */; };
		F2C43CC8200C60BE00E99423 /* OpenSans-Bold.ttf in Resources */ = {isa = PBXBuildFile; fileRef = F2C43CC4200C60BE00E99423 /* OpenSans-Bold.ttf */; };
		F2C43CC9200C60BE00E99423 /* OpenSans-Light.ttf in Resources */ = {isa = PBXBuildFile; fileRef = F2C43CC5200C60BE00E99423 /* OpenSans-Light.ttf */; };
		F2C43CCA200C60BE00E99423 /* OpenSans-Regular.ttf in Resources */ = {isa = PBXBuildFile; fileRef = F2C43CC6200C60BE00E99423 /* OpenSans-Regular.ttf */; };
		F2C43CCB200C60BE00E99423 /* OpenSans-Semibold.ttf in Resources */ = {isa = PBXBuildFile; fileRef = F2C43CC7200C60BE00E99423 /* OpenSans-Semibold.ttf */; };
		F2C43CCF200C616100E99423 /* PlayerViewController.old.swift in Sources */ = {isa = PBXBuildFile; fileRef = F2C43CCE200C616100E99423 /* PlayerViewController.old.swift */; };
		F2C43CD1200C619700E99423 /* PlayerView.swift in Sources */ = {isa = PBXBuildFile; fileRef = F2C43CD0200C619700E99423 /* PlayerView.swift */; };
		F2C43CD3200C6BA200E99423 /* GradientLayer.swift in Sources */ = {isa = PBXBuildFile; fileRef = F2C43CD2200C6BA200E99423 /* GradientLayer.swift */; };
		F2C43CD5200C723B00E99423 /* CALayer+Util.swift in Sources */ = {isa = PBXBuildFile; fileRef = F2C43CD4200C723B00E99423 /* CALayer+Util.swift */; };
		F2C43CD7200C8B2E00E99423 /* CustomSlider.old.swift in Sources */ = {isa = PBXBuildFile; fileRef = F2C43CD6200C8B2E00E99423 /* CustomSlider.old.swift */; };
		F2C43CD9200CC2F100E99423 /* Foundation+Util.swift in Sources */ = {isa = PBXBuildFile; fileRef = F2C43CD8200CC2F100E99423 /* Foundation+Util.swift */; };
		F2C43CDB200DC45F00E99423 /* ArrowLabel.swift in Sources */ = {isa = PBXBuildFile; fileRef = F2C43CDA200DC45F00E99423 /* ArrowLabel.swift */; };
		F2C43CDD200E55DE00E99423 /* MainViewController.old.swift in Sources */ = {isa = PBXBuildFile; fileRef = F2C43CDC200E55DE00E99423 /* MainViewController.old.swift */; };
		F2C43CE7200E8F0900E99423 /* AspectButton.swift in Sources */ = {isa = PBXBuildFile; fileRef = F2C43CE6200E8F0900E99423 /* AspectButton.swift */; };
		F2C43CE9200E8F4900E99423 /* Common.swift in Sources */ = {isa = PBXBuildFile; fileRef = F2C43CE8200E8F4900E99423 /* Common.swift */; };
		F2C43CEB200EC5CC00E99423 /* AspectViewController.old.swift in Sources */ = {isa = PBXBuildFile; fileRef = F2C43CEA200EC5CC00E99423 /* AspectViewController.old.swift */; };
		F2C43CED200ED1B400E99423 /* AspectBar.swift in Sources */ = {isa = PBXBuildFile; fileRef = F2C43CEC200ED1B400E99423 /* AspectBar.swift */; };
		F2C43CEF200F84C800E99423 /* LibraryViewController.old.swift in Sources */ = {isa = PBXBuildFile; fileRef = F2C43CEE200F84C800E99423 /* LibraryViewController.old.swift */; };
		F2C43CF1200F8C0000E99423 /* LibraryCell.old.swift in Sources */ = {isa = PBXBuildFile; fileRef = F2C43CF0200F8C0000E99423 /* LibraryCell.old.swift */; };
		F2C43CF3200FF20E00E99423 /* Device.old.swift in Sources */ = {isa = PBXBuildFile; fileRef = F2C43CF2200FF20E00E99423 /* Device.old.swift */; };
		F2C43CF520100E0200E99423 /* UIDevice+Util.old.swift in Sources */ = {isa = PBXBuildFile; fileRef = F2C43CF420100E0200E99423 /* UIDevice+Util.old.swift */; };
		F2C43CF720100E5F00E99423 /* UIScreen+Resolution.swift in Sources */ = {isa = PBXBuildFile; fileRef = F2C43CF620100E5F00E99423 /* UIScreen+Resolution.swift */; };
		F2C43CF920102E6400E99423 /* NavigationController.old.swift in Sources */ = {isa = PBXBuildFile; fileRef = F2C43CF820102E6400E99423 /* NavigationController.old.swift */; };
		F2C43CFB20102E7F00E99423 /* NavigationBar.old.swift in Sources */ = {isa = PBXBuildFile; fileRef = F2C43CFA20102E7F00E99423 /* NavigationBar.old.swift */; };
		F2C43CFD2010468800E99423 /* CoreGraphics+Util.swift in Sources */ = {isa = PBXBuildFile; fileRef = F2C43CFC2010468800E99423 /* CoreGraphics+Util.swift */; };
		F2C43CFF2010478800E99423 /* Aspect.old.swift in Sources */ = {isa = PBXBuildFile; fileRef = F2C43CFE2010478800E99423 /* Aspect.old.swift */; };
		F2C43D0120108BEA00E99423 /* LibraryPlayerViewController.old.swift in Sources */ = {isa = PBXBuildFile; fileRef = F2C43D0020108BEA00E99423 /* LibraryPlayerViewController.old.swift */; };
		F2C43D03201161F800E99423 /* BlurEffectView.swift in Sources */ = {isa = PBXBuildFile; fileRef = F2C43D02201161F800E99423 /* BlurEffectView.swift */; };
		F2C43D052011634C00E99423 /* UIView+Blur.swift in Sources */ = {isa = PBXBuildFile; fileRef = F2C43D042011634C00E99423 /* UIView+Blur.swift */; };
		F2C43D072011655000E99423 /* LibraryPlayerToolbar.old.swift in Sources */ = {isa = PBXBuildFile; fileRef = F2C43D062011655000E99423 /* LibraryPlayerToolbar.old.swift */; };
		F2C43D092011724C00E99423 /* UIImage+Util.swift in Sources */ = {isa = PBXBuildFile; fileRef = F2C43D082011724C00E99423 /* UIImage+Util.swift */; };
		F2C43D0B20118F9000E99423 /* AspectViewController.swift in Sources */ = {isa = PBXBuildFile; fileRef = F2C43D0A20118F9000E99423 /* AspectViewController.swift */; };
/* End PBXBuildFile section */

/* Begin PBXContainerItemProxy section */
		F2C43C9E200C5EC300E99423 /* PBXContainerItemProxy */ = {
			isa = PBXContainerItemProxy;
			containerPortal = F2C43C81200C5EC300E99423 /* Project object */;
			proxyType = 1;
			remoteGlobalIDString = F2C43C88200C5EC300E99423;
			remoteInfo = BlurryVideo;
		};
/* End PBXContainerItemProxy section */

/* Begin PBXFileReference section */
		F21F2C0E20191EC3003833A6 /* NavigationController.swift */ = {isa = PBXFileReference; fileEncoding = 4; lastKnownFileType = sourcecode.swift; path = NavigationController.swift; sourceTree = "<group>"; };
		F21F2C1020191ECD003833A6 /* NavigationBar.swift */ = {isa = PBXFileReference; fileEncoding = 4; lastKnownFileType = sourcecode.swift; path = NavigationBar.swift; sourceTree = "<group>"; };
		F21F2C1520193F89003833A6 /* TestNavigationChildViewController.swift */ = {isa = PBXFileReference; fileEncoding = 4; lastKnownFileType = sourcecode.swift; path = TestNavigationChildViewController.swift; sourceTree = "<group>"; };
		F240CC74209F43AF00F58C6F /* IMG_1351.MOV */ = {isa = PBXFileReference; lastKnownFileType = video.quicktime; path = IMG_1351.MOV; sourceTree = "<group>"; };
		F24A09E62011967F009279CB /* UIView+Draw.swift */ = {isa = PBXFileReference; fileEncoding = 4; lastKnownFileType = sourcecode.swift; path = "UIView+Draw.swift"; sourceTree = "<group>"; };
		F24A09E820119C7F009279CB /* BlurryPlayerView.swift */ = {isa = PBXFileReference; fileEncoding = 4; lastKnownFileType = sourcecode.swift; path = BlurryPlayerView.swift; sourceTree = "<group>"; };
		F24A09EA2011B13F009279CB /* LibraryPlayerViewController.old3.swift */ = {isa = PBXFileReference; fileEncoding = 4; lastKnownFileType = sourcecode.swift; path = LibraryPlayerViewController.old3.swift; sourceTree = "<group>"; };
		F24A09EC2011BAB9009279CB /* RootViewController.old.swift */ = {isa = PBXFileReference; fileEncoding = 4; lastKnownFileType = sourcecode.swift; path = RootViewController.old.swift; sourceTree = "<group>"; };
		F24A09EE2011C383009279CB /* CustomSlider.old2.swift */ = {isa = PBXFileReference; fileEncoding = 4; lastKnownFileType = sourcecode.swift; path = CustomSlider.old2.swift; sourceTree = "<group>"; };
		F24C620C20198EAF0007AA50 /* BackButton.swift */ = {isa = PBXFileReference; fileEncoding = 4; lastKnownFileType = sourcecode.swift; path = BackButton.swift; sourceTree = "<group>"; };
		F24C620E2019C76F0007AA50 /* NavigationBar+Animations.old.swift */ = {isa = PBXFileReference; fileEncoding = 4; lastKnownFileType = sourcecode.swift; path = "NavigationBar+Animations.old.swift"; sourceTree = "<group>"; };
		F24C6210201A8C7A0007AA50 /* NavigationBar+Animations.old2.swift */ = {isa = PBXFileReference; fileEncoding = 4; lastKnownFileType = sourcecode.swift; path = "NavigationBar+Animations.old2.swift"; sourceTree = "<group>"; };
		F24C6212201A9C340007AA50 /* NavigationBar+Animations.swift */ = {isa = PBXFileReference; fileEncoding = 4; lastKnownFileType = sourcecode.swift; path = "NavigationBar+Animations.swift"; sourceTree = "<group>"; };
		F24C6214201ADAC30007AA50 /* BackButton+Animations.swift */ = {isa = PBXFileReference; fileEncoding = 4; lastKnownFileType = sourcecode.swift; path = "BackButton+Animations.swift"; sourceTree = "<group>"; };
		F24C6216201AE6190007AA50 /* NavigationController+Animations.swift */ = {isa = PBXFileReference; fileEncoding = 4; lastKnownFileType = sourcecode.swift; path = "NavigationController+Animations.swift"; sourceTree = "<group>"; };
		F24C6219201AE8790007AA50 /* InterfaceOrientation.old.swift */ = {isa = PBXFileReference; fileEncoding = 4; lastKnownFileType = sourcecode.swift; path = InterfaceOrientation.old.swift; sourceTree = "<group>"; };
		F24C621B201AEB540007AA50 /* StatusBar.old.swift */ = {isa = PBXFileReference; fileEncoding = 4; lastKnownFileType = sourcecode.swift; path = StatusBar.old.swift; sourceTree = "<group>"; };
		F26A72DB201B96BE00A9CBC3 /* UIViewController+NavigationController.swift */ = {isa = PBXFileReference; fileEncoding = 4; lastKnownFileType = sourcecode.swift; path = "UIViewController+NavigationController.swift"; sourceTree = "<group>"; };
		F26A72DD201BC19F00A9CBC3 /* UIViewController+StatusBar.swift */ = {isa = PBXFileReference; fileEncoding = 4; lastKnownFileType = sourcecode.swift; path = "UIViewController+StatusBar.swift"; sourceTree = "<group>"; };
		F26CA1102011F0D9008128CA /* CustomSlider.old3.swift */ = {isa = PBXFileReference; fileEncoding = 4; lastKnownFileType = sourcecode.swift; path = CustomSlider.old3.swift; sourceTree = "<group>"; };
		F26CA112201209BA008128CA /* AVPlayer+Util.swift */ = {isa = PBXFileReference; fileEncoding = 4; lastKnownFileType = sourcecode.swift; path = "AVPlayer+Util.swift"; sourceTree = "<group>"; };
		F26CA11420123513008128CA /* LibraryPlayerViewController.old4.swift */ = {isa = PBXFileReference; fileEncoding = 4; lastKnownFileType = sourcecode.swift; path = LibraryPlayerViewController.old4.swift; sourceTree = "<group>"; };
		F26CA11820123DB8008128CA /* TimeSlider.swift */ = {isa = PBXFileReference; fileEncoding = 4; lastKnownFileType = sourcecode.swift; path = TimeSlider.swift; sourceTree = "<group>"; };
		F26CA11A20124548008128CA /* LibraryPlayerViewController.old2.swift */ = {isa = PBXFileReference; fileEncoding = 4; lastKnownFileType = sourcecode.swift; path = LibraryPlayerViewController.old2.swift; sourceTree = "<group>"; };
		F2B9A0E92014FC0A0010AFE4 /* LibraryViewController.old3.swift */ = {isa = PBXFileReference; fileEncoding = 4; lastKnownFileType = sourcecode.swift; path = LibraryViewController.old3.swift; sourceTree = "<group>"; };
		F2B9A0EB2015F8CB0010AFE4 /* AspectViewController.old3.swift */ = {isa = PBXFileReference; fileEncoding = 4; lastKnownFileType = sourcecode.swift; path = AspectViewController.old3.swift; sourceTree = "<group>"; };
		F2B9A0ED201627DD0010AFE4 /* BlurryAsset.swift */ = {isa = PBXFileReference; fileEncoding = 4; lastKnownFileType = sourcecode.swift; path = BlurryAsset.swift; sourceTree = "<group>"; };
		F2B9A0EF201628CB0010AFE4 /* BlurryAssetManager.swift */ = {isa = PBXFileReference; fileEncoding = 4; lastKnownFileType = sourcecode.swift; path = BlurryAssetManager.swift; sourceTree = "<group>"; };
		F2B9A0F1201663E50010AFE4 /* MainViewController.swift */ = {isa = PBXFileReference; fileEncoding = 4; lastKnownFileType = sourcecode.swift; path = MainViewController.swift; sourceTree = "<group>"; };
		F2B9A0F52017FAAC0010AFE4 /* BlurryAssetsManager.pre.swift */ = {isa = PBXFileReference; fileEncoding = 4; lastKnownFileType = sourcecode.swift; path = BlurryAssetsManager.pre.swift; sourceTree = "<group>"; };
		F2B9A0F72017FBB40010AFE4 /* VideoManagerViewController.swift */ = {isa = PBXFileReference; fileEncoding = 4; lastKnownFileType = sourcecode.swift; path = VideoManagerViewController.swift; sourceTree = "<group>"; };
		F2B9A0FA2017FC220010AFE4 /* VideoManagerCell.swift */ = {isa = PBXFileReference; fileEncoding = 4; lastKnownFileType = sourcecode.swift; path = VideoManagerCell.swift; sourceTree = "<group>"; };
		F2B9A0FD2017FC780010AFE4 /* VideoPickerViewController.swift */ = {isa = PBXFileReference; fileEncoding = 4; lastKnownFileType = sourcecode.swift; path = VideoPickerViewController.swift; sourceTree = "<group>"; };
		F2B9A0FF2017FC950010AFE4 /* VideoPickerCell.swift */ = {isa = PBXFileReference; fileEncoding = 4; lastKnownFileType = sourcecode.swift; path = VideoPickerCell.swift; sourceTree = "<group>"; };
		F2B9A1012017FD8B0010AFE4 /* VideoPlayerViewController.swift */ = {isa = PBXFileReference; fileEncoding = 4; lastKnownFileType = sourcecode.swift; path = VideoPlayerViewController.swift; sourceTree = "<group>"; };
		F2B9A1032017FE0A0010AFE4 /* VideoPlayerToolbar.swift */ = {isa = PBXFileReference; fileEncoding = 4; lastKnownFileType = sourcecode.swift; path = VideoPlayerToolbar.swift; sourceTree = "<group>"; };
		F2B9A1052018007E0010AFE4 /* VideoPickerViewController+Transitions.swift */ = {isa = PBXFileReference; fileEncoding = 4; lastKnownFileType = sourcecode.swift; path = "VideoPickerViewController+Transitions.swift"; sourceTree = "<group>"; };
		F2C3B1EE201398AA00B5C595 /* Aspect.swift */ = {isa = PBXFileReference; fileEncoding = 4; lastKnownFileType = sourcecode.swift; path = Aspect.swift; sourceTree = "<group>"; };
		F2C3B1F02013AB9500B5C595 /* LibraryViewController+Transitions.old.swift */ = {isa = PBXFileReference; fileEncoding = 4; lastKnownFileType = sourcecode.swift; path = "LibraryViewController+Transitions.old.swift"; sourceTree = "<group>"; };
		F2C3B1F22014CE9600B5C595 /* LibraryViewController.old2.swift */ = {isa = PBXFileReference; fileEncoding = 4; lastKnownFileType = sourcecode.swift; path = LibraryViewController.old2.swift; sourceTree = "<group>"; };
		F2C43C89200C5EC300E99423 /* BlurryVideo.app */ = {isa = PBXFileReference; explicitFileType = wrapper.application; includeInIndex = 0; path = BlurryVideo.app; sourceTree = BUILT_PRODUCTS_DIR; };
		F2C43C8C200C5EC300E99423 /* AppDelegate.swift */ = {isa = PBXFileReference; lastKnownFileType = sourcecode.swift; path = AppDelegate.swift; sourceTree = "<group>"; };
		F2C43C93200C5EC300E99423 /* Assets.xcassets */ = {isa = PBXFileReference; lastKnownFileType = folder.assetcatalog; path = Assets.xcassets; sourceTree = "<group>"; };
		F2C43C98200C5EC300E99423 /* Info.plist */ = {isa = PBXFileReference; lastKnownFileType = text.plist.xml; path = Info.plist; sourceTree = "<group>"; };
		F2C43C9D200C5EC300E99423 /* BlurryVideoTests.xctest */ = {isa = PBXFileReference; explicitFileType = wrapper.cfbundle; includeInIndex = 0; path = BlurryVideoTests.xctest; sourceTree = BUILT_PRODUCTS_DIR; };
		F2C43CA1200C5EC300E99423 /* BlurryVideoTests.swift */ = {isa = PBXFileReference; lastKnownFileType = sourcecode.swift; path = BlurryVideoTests.swift; sourceTree = "<group>"; };
		F2C43CA3200C5EC400E99423 /* Info.plist */ = {isa = PBXFileReference; lastKnownFileType = text.plist.xml; path = Info.plist; sourceTree = "<group>"; };
		F2C43CAC200C5F8500E99423 /* Appearance.old.swift */ = {isa = PBXFileReference; fileEncoding = 4; lastKnownFileType = sourcecode.swift; path = Appearance.old.swift; sourceTree = "<group>"; };
		F2C43CAD200C5F8500E99423 /* ColorPalette.swift */ = {isa = PBXFileReference; fileEncoding = 4; lastKnownFileType = sourcecode.swift; path = ColorPalette.swift; sourceTree = "<group>"; };
		F2C43CAE200C5F8500E99423 /* CustomFont.swift */ = {isa = PBXFileReference; fileEncoding = 4; lastKnownFileType = sourcecode.swift; path = CustomFont.swift; sourceTree = "<group>"; };
		F2C43CAF200C5F8500E99423 /* Logger.swift */ = {isa = PBXFileReference; fileEncoding = 4; lastKnownFileType = sourcecode.swift; path = Logger.swift; sourceTree = "<group>"; };
		F2C43CB0200C5F8500E99423 /* String+Localized.swift */ = {isa = PBXFileReference; fileEncoding = 4; lastKnownFileType = sourcecode.swift; path = "String+Localized.swift"; sourceTree = "<group>"; };
		F2C43CB6200C5FAE00E99423 /* String+Util.swift */ = {isa = PBXFileReference; fileEncoding = 4; lastKnownFileType = sourcecode.swift; path = "String+Util.swift"; sourceTree = "<group>"; };
		F2C43CB7200C5FAE00E99423 /* UIColor+Util.swift */ = {isa = PBXFileReference; fileEncoding = 4; lastKnownFileType = sourcecode.swift; path = "UIColor+Util.swift"; sourceTree = "<group>"; };
		F2C43CC0200C602400E99423 /* Base */ = {isa = PBXFileReference; lastKnownFileType = text.plist.strings; name = Base; path = Base.lproj/Localized.strings; sourceTree = "<group>"; };
		F2C43CC2200C604100E99423 /* ro */ = {isa = PBXFileReference; lastKnownFileType = text.plist.strings; name = ro; path = ro.lproj/Localized.strings; sourceTree = "<group>"; };
		F2C43CC4200C60BE00E99423 /* OpenSans-Bold.ttf */ = {isa = PBXFileReference; lastKnownFileType = file; path = "OpenSans-Bold.ttf"; sourceTree = "<group>"; };
		F2C43CC5200C60BE00E99423 /* OpenSans-Light.ttf */ = {isa = PBXFileReference; lastKnownFileType = file; path = "OpenSans-Light.ttf"; sourceTree = "<group>"; };
		F2C43CC6200C60BE00E99423 /* OpenSans-Regular.ttf */ = {isa = PBXFileReference; lastKnownFileType = file; path = "OpenSans-Regular.ttf"; sourceTree = "<group>"; };
		F2C43CC7200C60BE00E99423 /* OpenSans-Semibold.ttf */ = {isa = PBXFileReference; lastKnownFileType = file; path = "OpenSans-Semibold.ttf"; sourceTree = "<group>"; };
		F2C43CCE200C616100E99423 /* PlayerViewController.old.swift */ = {isa = PBXFileReference; fileEncoding = 4; lastKnownFileType = sourcecode.swift; path = PlayerViewController.old.swift; sourceTree = "<group>"; };
		F2C43CD0200C619700E99423 /* PlayerView.swift */ = {isa = PBXFileReference; fileEncoding = 4; lastKnownFileType = sourcecode.swift; path = PlayerView.swift; sourceTree = "<group>"; };
		F2C43CD2200C6BA200E99423 /* GradientLayer.swift */ = {isa = PBXFileReference; fileEncoding = 4; lastKnownFileType = sourcecode.swift; path = GradientLayer.swift; sourceTree = "<group>"; };
		F2C43CD4200C723B00E99423 /* CALayer+Util.swift */ = {isa = PBXFileReference; fileEncoding = 4; lastKnownFileType = sourcecode.swift; path = "CALayer+Util.swift"; sourceTree = "<group>"; };
		F2C43CD6200C8B2E00E99423 /* CustomSlider.old.swift */ = {isa = PBXFileReference; fileEncoding = 4; lastKnownFileType = sourcecode.swift; path = CustomSlider.old.swift; sourceTree = "<group>"; };
		F2C43CD8200CC2F100E99423 /* Foundation+Util.swift */ = {isa = PBXFileReference; fileEncoding = 4; lastKnownFileType = sourcecode.swift; path = "Foundation+Util.swift"; sourceTree = "<group>"; };
		F2C43CDA200DC45F00E99423 /* ArrowLabel.swift */ = {isa = PBXFileReference; fileEncoding = 4; lastKnownFileType = sourcecode.swift; path = ArrowLabel.swift; sourceTree = "<group>"; };
		F2C43CDC200E55DE00E99423 /* MainViewController.old.swift */ = {isa = PBXFileReference; fileEncoding = 4; lastKnownFileType = sourcecode.swift; path = MainViewController.old.swift; sourceTree = "<group>"; };
		F2C43CE6200E8F0900E99423 /* AspectButton.swift */ = {isa = PBXFileReference; fileEncoding = 4; lastKnownFileType = sourcecode.swift; path = AspectButton.swift; sourceTree = "<group>"; };
		F2C43CE8200E8F4900E99423 /* Common.swift */ = {isa = PBXFileReference; fileEncoding = 4; lastKnownFileType = sourcecode.swift; path = Common.swift; sourceTree = "<group>"; };
		F2C43CEA200EC5CC00E99423 /* AspectViewController.old.swift */ = {isa = PBXFileReference; fileEncoding = 4; lastKnownFileType = sourcecode.swift; path = AspectViewController.old.swift; sourceTree = "<group>"; };
		F2C43CEC200ED1B400E99423 /* AspectBar.swift */ = {isa = PBXFileReference; fileEncoding = 4; lastKnownFileType = sourcecode.swift; path = AspectBar.swift; sourceTree = "<group>"; };
		F2C43CEE200F84C800E99423 /* LibraryViewController.old.swift */ = {isa = PBXFileReference; fileEncoding = 4; lastKnownFileType = sourcecode.swift; path = LibraryViewController.old.swift; sourceTree = "<group>"; };
		F2C43CF0200F8C0000E99423 /* LibraryCell.old.swift */ = {isa = PBXFileReference; fileEncoding = 4; lastKnownFileType = sourcecode.swift; path = LibraryCell.old.swift; sourceTree = "<group>"; };
		F2C43CF2200FF20E00E99423 /* Device.old.swift */ = {isa = PBXFileReference; fileEncoding = 4; lastKnownFileType = sourcecode.swift; path = Device.old.swift; sourceTree = "<group>"; };
		F2C43CF420100E0200E99423 /* UIDevice+Util.old.swift */ = {isa = PBXFileReference; fileEncoding = 4; lastKnownFileType = sourcecode.swift; path = "UIDevice+Util.old.swift"; sourceTree = "<group>"; };
		F2C43CF620100E5F00E99423 /* UIScreen+Resolution.swift */ = {isa = PBXFileReference; fileEncoding = 4; lastKnownFileType = sourcecode.swift; path = "UIScreen+Resolution.swift"; sourceTree = "<group>"; };
		F2C43CF820102E6400E99423 /* NavigationController.old.swift */ = {isa = PBXFileReference; fileEncoding = 4; lastKnownFileType = sourcecode.swift; path = NavigationController.old.swift; sourceTree = "<group>"; };
		F2C43CFA20102E7F00E99423 /* NavigationBar.old.swift */ = {isa = PBXFileReference; fileEncoding = 4; lastKnownFileType = sourcecode.swift; path = NavigationBar.old.swift; sourceTree = "<group>"; };
		F2C43CFC2010468800E99423 /* CoreGraphics+Util.swift */ = {isa = PBXFileReference; fileEncoding = 4; lastKnownFileType = sourcecode.swift; path = "CoreGraphics+Util.swift"; sourceTree = "<group>"; };
		F2C43CFE2010478800E99423 /* Aspect.old.swift */ = {isa = PBXFileReference; fileEncoding = 4; lastKnownFileType = sourcecode.swift; path = Aspect.old.swift; sourceTree = "<group>"; };
		F2C43D0020108BEA00E99423 /* LibraryPlayerViewController.old.swift */ = {isa = PBXFileReference; fileEncoding = 4; lastKnownFileType = sourcecode.swift; path = LibraryPlayerViewController.old.swift; sourceTree = "<group>"; };
		F2C43D02201161F800E99423 /* BlurEffectView.swift */ = {isa = PBXFileReference; fileEncoding = 4; lastKnownFileType = sourcecode.swift; path = BlurEffectView.swift; sourceTree = "<group>"; };
		F2C43D042011634C00E99423 /* UIView+Blur.swift */ = {isa = PBXFileReference; fileEncoding = 4; lastKnownFileType = sourcecode.swift; path = "UIView+Blur.swift"; sourceTree = "<group>"; };
		F2C43D062011655000E99423 /* LibraryPlayerToolbar.old.swift */ = {isa = PBXFileReference; fileEncoding = 4; lastKnownFileType = sourcecode.swift; path = LibraryPlayerToolbar.old.swift; sourceTree = "<group>"; };
		F2C43D082011724C00E99423 /* UIImage+Util.swift */ = {isa = PBXFileReference; fileEncoding = 4; lastKnownFileType = sourcecode.swift; path = "UIImage+Util.swift"; sourceTree = "<group>"; };
		F2C43D0A20118F9000E99423 /* AspectViewController.swift */ = {isa = PBXFileReference; fileEncoding = 4; lastKnownFileType = sourcecode.swift; path = AspectViewController.swift; sourceTree = "<group>"; };
/* End PBXFileReference section */

/* Begin PBXFrameworksBuildPhase section */
		F2C43C86200C5EC300E99423 /* Frameworks */ = {
			isa = PBXFrameworksBuildPhase;
			buildActionMask = 2147483647;
			files = (
			);
			runOnlyForDeploymentPostprocessing = 0;
		};
		F2C43C9A200C5EC300E99423 /* Frameworks */ = {
			isa = PBXFrameworksBuildPhase;
			buildActionMask = 2147483647;
			files = (
			);
			runOnlyForDeploymentPostprocessing = 0;
		};
/* End PBXFrameworksBuildPhase section */

/* Begin PBXGroup section */
		F21F2C0D2018BDCA003833A6 /* NavigationController */ = {
			isa = PBXGroup;
			children = (
				F24C6218201AE6440007AA50 /* Animations */,
				F21F2C1420193F77003833A6 /* Test */,
				F21F2C0E20191EC3003833A6 /* NavigationController.swift */,
				F21F2C1020191ECD003833A6 /* NavigationBar.swift */,
				F24C620C20198EAF0007AA50 /* BackButton.swift */,
				F26A72DB201B96BE00A9CBC3 /* UIViewController+NavigationController.swift */,
			);
			name = NavigationController;
			sourceTree = "<group>";
		};
		F21F2C1420193F77003833A6 /* Test */ = {
			isa = PBXGroup;
			children = (
				F21F2C1520193F89003833A6 /* TestNavigationChildViewController.swift */,
			);
			name = Test;
			sourceTree = "<group>";
		};
		F24C6218201AE6440007AA50 /* Animations */ = {
			isa = PBXGroup;
			children = (
				F24C6216201AE6190007AA50 /* NavigationController+Animations.swift */,
				F24C6212201A9C340007AA50 /* NavigationBar+Animations.swift */,
				F24C6214201ADAC30007AA50 /* BackButton+Animations.swift */,
			);
			name = Animations;
			sourceTree = "<group>";
		};
		F2B9A0F92017FC010010AFE4 /* VideoManagerViewController */ = {
			isa = PBXGroup;
			children = (
				F2B9A0F72017FBB40010AFE4 /* VideoManagerViewController.swift */,
				F2B9A0FA2017FC220010AFE4 /* VideoManagerCell.swift */,
			);
			name = VideoManagerViewController;
			sourceTree = "<group>";
		};
		F2B9A0FC2017FC4B0010AFE4 /* VideoPickerViewController */ = {
			isa = PBXGroup;
			children = (
				F2B9A0FD2017FC780010AFE4 /* VideoPickerViewController.swift */,
				F2B9A1052018007E0010AFE4 /* VideoPickerViewController+Transitions.swift */,
				F2B9A0FF2017FC950010AFE4 /* VideoPickerCell.swift */,
				F2B9A1012017FD8B0010AFE4 /* VideoPlayerViewController.swift */,
				F2B9A1032017FE0A0010AFE4 /* VideoPlayerToolbar.swift */,
				F26CA11820123DB8008128CA /* TimeSlider.swift */,
			);
			name = VideoPickerViewController;
			sourceTree = "<group>";
		};
		F2B9A1072018048F0010AFE4 /* AspectViewController */ = {
			isa = PBXGroup;
			children = (
				F2C43D0A20118F9000E99423 /* AspectViewController.swift */,
				F2C43CE6200E8F0900E99423 /* AspectButton.swift */,
				F2C43CEC200ED1B400E99423 /* AspectBar.swift */,
			);
			name = AspectViewController;
			sourceTree = "<group>";
		};
		F2B9A108201805530010AFE4 /* Unused */ = {
			isa = PBXGroup;
			children = (
				F2B9A0EB2015F8CB0010AFE4 /* AspectViewController.old3.swift */,
				F24C621B201AEB540007AA50 /* StatusBar.old.swift */,
				F24C6219201AE8790007AA50 /* InterfaceOrientation.old.swift */,
				F24C6210201A8C7A0007AA50 /* NavigationBar+Animations.old2.swift */,
				F24C620E2019C76F0007AA50 /* NavigationBar+Animations.old.swift */,
				F2B9A1092018063D0010AFE4 /* NavigationController */,
				F2C43CF420100E0200E99423 /* UIDevice+Util.old.swift */,
				F2C43CAC200C5F8500E99423 /* Appearance.old.swift */,
				F2C43CF2200FF20E00E99423 /* Device.old.swift */,
				F2C43CF0200F8C0000E99423 /* LibraryCell.old.swift */,
				F26CA11A20124548008128CA /* LibraryPlayerViewController.old2.swift */,
				F2C43D062011655000E99423 /* LibraryPlayerToolbar.old.swift */,
				F2C3B1F02013AB9500B5C595 /* LibraryViewController+Transitions.old.swift */,
				F2C3B1F22014CE9600B5C595 /* LibraryViewController.old2.swift */,
				F2C43CEE200F84C800E99423 /* LibraryViewController.old.swift */,
				F24A09EC2011BAB9009279CB /* RootViewController.old.swift */,
				F2B9A0E92014FC0A0010AFE4 /* LibraryViewController.old3.swift */,
				F2B9A0F52017FAAC0010AFE4 /* BlurryAssetsManager.pre.swift */,
				F26CA11420123513008128CA /* LibraryPlayerViewController.old4.swift */,
				F24A09EA2011B13F009279CB /* LibraryPlayerViewController.old3.swift */,
				F2C43CDC200E55DE00E99423 /* MainViewController.old.swift */,
				F2C43CFE2010478800E99423 /* Aspect.old.swift */,
				F2C43CEA200EC5CC00E99423 /* AspectViewController.old.swift */,
				F2C43CD6200C8B2E00E99423 /* CustomSlider.old.swift */,
				F26CA1102011F0D9008128CA /* CustomSlider.old3.swift */,
				F24A09EE2011C383009279CB /* CustomSlider.old2.swift */,
				F2C43D0020108BEA00E99423 /* LibraryPlayerViewController.old.swift */,
				F2C43D02201161F800E99423 /* BlurEffectView.swift */,
				F2C43CDA200DC45F00E99423 /* ArrowLabel.swift */,
				F2C43CD2200C6BA200E99423 /* GradientLayer.swift */,
				F2C43CCE200C616100E99423 /* PlayerViewController.old.swift */,
			);
			name = Unused;
			sourceTree = "<group>";
		};
		F2B9A1092018063D0010AFE4 /* NavigationController */ = {
			isa = PBXGroup;
			children = (
				F2C43CF820102E6400E99423 /* NavigationController.old.swift */,
				F2C43CFA20102E7F00E99423 /* NavigationBar.old.swift */,
			);
			name = NavigationController;
			sourceTree = "<group>";
		};
		F2C43C80200C5EC300E99423 = {
			isa = PBXGroup;
			children = (
				F2C43C8B200C5EC300E99423 /* BlurryVideo */,
				F2C43CA0200C5EC300E99423 /* BlurryVideoTests */,
				F2C43C8A200C5EC300E99423 /* Products */,
			);
			sourceTree = "<group>";
		};
		F2C43C8A200C5EC300E99423 /* Products */ = {
			isa = PBXGroup;
			children = (
				F2C43C89200C5EC300E99423 /* BlurryVideo.app */,
				F2C43C9D200C5EC300E99423 /* BlurryVideoTests.xctest */,
			);
			name = Products;
			sourceTree = "<group>";
		};
		F2C43C8B200C5EC300E99423 /* BlurryVideo */ = {
			isa = PBXGroup;
			children = (
				F2C43C8C200C5EC300E99423 /* AppDelegate.swift */,
				F2B9A0F1201663E50010AFE4 /* MainViewController.swift */,
				F21F2C0D2018BDCA003833A6 /* NavigationController */,
				F2B9A0FC2017FC4B0010AFE4 /* VideoPickerViewController */,
				F2B9A0F92017FC010010AFE4 /* VideoManagerViewController */,
				F2B9A1072018048F0010AFE4 /* AspectViewController */,
				F2C43CD0200C619700E99423 /* PlayerView.swift */,
				F24A09E820119C7F009279CB /* BlurryPlayerView.swift */,
				F2C43CE8200E8F4900E99423 /* Common.swift */,
				F2C3B1EE201398AA00B5C595 /* Aspect.swift */,
				F2C43D042011634C00E99423 /* UIView+Blur.swift */,
				F24A09E62011967F009279CB /* UIView+Draw.swift */,
				F2B9A0ED201627DD0010AFE4 /* BlurryAsset.swift */,
				F2B9A0EF201628CB0010AFE4 /* BlurryAssetManager.swift */,
				F2B9A108201805530010AFE4 /* Unused */,
				F2C43CBB200C5FEB00E99423 /* Utils */,
				F2C43CBC200C600000E99423 /* Resources */,
			);
			path = BlurryVideo;
			sourceTree = "<group>";
		};
		F2C43CA0200C5EC300E99423 /* BlurryVideoTests */ = {
			isa = PBXGroup;
			children = (
				F2C43CA1200C5EC300E99423 /* BlurryVideoTests.swift */,
				F2C43CA3200C5EC400E99423 /* Info.plist */,
			);
			path = BlurryVideoTests;
			sourceTree = "<group>";
		};
		F2C43CBB200C5FEB00E99423 /* Utils */ = {
			isa = PBXGroup;
			children = (
				F26CA112201209BA008128CA /* AVPlayer+Util.swift */,
				F2C43CFC2010468800E99423 /* CoreGraphics+Util.swift */,
				F2C43D082011724C00E99423 /* UIImage+Util.swift */,
				F2C43CAD200C5F8500E99423 /* ColorPalette.swift */,
				F2C43CAE200C5F8500E99423 /* CustomFont.swift */,
				F2C43CAF200C5F8500E99423 /* Logger.swift */,
				F2C43CB0200C5F8500E99423 /* String+Localized.swift */,
				F2C43CB6200C5FAE00E99423 /* String+Util.swift */,
				F2C43CB7200C5FAE00E99423 /* UIColor+Util.swift */,
				F2C43CD4200C723B00E99423 /* CALayer+Util.swift */,
				F2C43CD8200CC2F100E99423 /* Foundation+Util.swift */,
				F2C43CF620100E5F00E99423 /* UIScreen+Resolution.swift */,
				F26A72DD201BC19F00A9CBC3 /* UIViewController+StatusBar.swift */,
			);
			name = Utils;
			sourceTree = "<group>";
		};
		F2C43CBC200C600000E99423 /* Resources */ = {
			isa = PBXGroup;
			children = (
				F240CC74209F43AF00F58C6F /* IMG_1351.MOV */,
				F2C43CC3200C60BE00E99423 /* Fonts */,
				F2C43C93200C5EC300E99423 /* Assets.xcassets */,
				F2C43C98200C5EC300E99423 /* Info.plist */,
				F2C43CC1200C602400E99423 /* Localized.strings */,
			);
			name = Resources;
			sourceTree = "<group>";
		};
		F2C43CC3200C60BE00E99423 /* Fonts */ = {
			isa = PBXGroup;
			children = (
				F2C43CC4200C60BE00E99423 /* OpenSans-Bold.ttf */,
				F2C43CC5200C60BE00E99423 /* OpenSans-Light.ttf */,
				F2C43CC6200C60BE00E99423 /* OpenSans-Regular.ttf */,
				F2C43CC7200C60BE00E99423 /* OpenSans-Semibold.ttf */,
			);
			path = Fonts;
			sourceTree = "<group>";
		};
/* End PBXGroup section */

/* Begin PBXNativeTarget section */
		F2C43C88200C5EC300E99423 /* BlurryVideo */ = {
			isa = PBXNativeTarget;
			buildConfigurationList = F2C43CA6200C5EC400E99423 /* Build configuration list for PBXNativeTarget "BlurryVideo" */;
			buildPhases = (
				F2C43C85200C5EC300E99423 /* Sources */,
				F2C43C86200C5EC300E99423 /* Frameworks */,
				F2C43C87200C5EC300E99423 /* Resources */,
			);
			buildRules = (
			);
			dependencies = (
			);
			name = BlurryVideo;
			productName = BlurryVideo;
			productReference = F2C43C89200C5EC300E99423 /* BlurryVideo.app */;
			productType = "com.apple.product-type.application";
		};
		F2C43C9C200C5EC300E99423 /* BlurryVideoTests */ = {
			isa = PBXNativeTarget;
			buildConfigurationList = F2C43CA9200C5EC400E99423 /* Build configuration list for PBXNativeTarget "BlurryVideoTests" */;
			buildPhases = (
				F2C43C99200C5EC300E99423 /* Sources */,
				F2C43C9A200C5EC300E99423 /* Frameworks */,
				F2C43C9B200C5EC300E99423 /* Resources */,
			);
			buildRules = (
			);
			dependencies = (
				F2C43C9F200C5EC300E99423 /* PBXTargetDependency */,
			);
			name = BlurryVideoTests;
			productName = BlurryVideoTests;
			productReference = F2C43C9D200C5EC300E99423 /* BlurryVideoTests.xctest */;
			productType = "com.apple.product-type.bundle.unit-test";
		};
/* End PBXNativeTarget section */

/* Begin PBXProject section */
		F2C43C81200C5EC300E99423 /* Project object */ = {
			isa = PBXProject;
			attributes = {
				LastSwiftUpdateCheck = 0820;
				LastUpgradeCheck = 0820;
				ORGANIZATIONNAME = "Andrei Marincas";
				TargetAttributes = {
					F2C43C88200C5EC300E99423 = {
						CreatedOnToolsVersion = 8.2.1;
						DevelopmentTeam = F7U94HT3F7;
						ProvisioningStyle = Automatic;
					};
					F2C43C9C200C5EC300E99423 = {
						CreatedOnToolsVersion = 8.2.1;
						DevelopmentTeam = F7U94HT3F7;
						ProvisioningStyle = Automatic;
						TestTargetID = F2C43C88200C5EC300E99423;
					};
				};
			};
			buildConfigurationList = F2C43C84200C5EC300E99423 /* Build configuration list for PBXProject "BlurryVideo" */;
			compatibilityVersion = "Xcode 3.2";
			developmentRegion = English;
			hasScannedForEncodings = 0;
			knownRegions = (
				en,
				Base,
				ro,
			);
			mainGroup = F2C43C80200C5EC300E99423;
			productRefGroup = F2C43C8A200C5EC300E99423 /* Products */;
			projectDirPath = "";
			projectRoot = "";
			targets = (
				F2C43C88200C5EC300E99423 /* BlurryVideo */,
				F2C43C9C200C5EC300E99423 /* BlurryVideoTests */,
			);
		};
/* End PBXProject section */

/* Begin PBXResourcesBuildPhase section */
		F2C43C87200C5EC300E99423 /* Resources */ = {
			isa = PBXResourcesBuildPhase;
			buildActionMask = 2147483647;
			files = (
				F2C43CCB200C60BE00E99423 /* OpenSans-Semibold.ttf in Resources */,
				F2C43CCA200C60BE00E99423 /* OpenSans-Regular.ttf in Resources */,
				F2C43CBF200C602400E99423 /* Localized.strings in Resources */,
				F2C43C94200C5EC300E99423 /* Assets.xcassets in Resources */,
				F2C43CC9200C60BE00E99423 /* OpenSans-Light.ttf in Resources */,
				F2C43CC8200C60BE00E99423 /* OpenSans-Bold.ttf in Resources */,
				F240CC75209F43AF00F58C6F /* IMG_1351.MOV in Resources */,
			);
			runOnlyForDeploymentPostprocessing = 0;
		};
		F2C43C9B200C5EC300E99423 /* Resources */ = {
			isa = PBXResourcesBuildPhase;
			buildActionMask = 2147483647;
			files = (
			);
			runOnlyForDeploymentPostprocessing = 0;
		};
/* End PBXResourcesBuildPhase section */

/* Begin PBXSourcesBuildPhase section */
		F2C43C85200C5EC300E99423 /* Sources */ = {
			isa = PBXSourcesBuildPhase;
			buildActionMask = 2147483647;
			files = (
				F2C43CFF2010478800E99423 /* Aspect.old.swift in Sources */,
				F2C43CB5200C5F8500E99423 /* String+Localized.swift in Sources */,
				F2C43CF1200F8C0000E99423 /* LibraryCell.old.swift in Sources */,
				F24C621C201AEB540007AA50 /* StatusBar.old.swift in Sources */,
				F2C43CB4200C5F8500E99423 /* Logger.swift in Sources */,
				F2C43C8D200C5EC300E99423 /* AppDelegate.swift in Sources */,
				F2C3B1EF201398AA00B5C595 /* Aspect.swift in Sources */,
				F24C6217201AE6190007AA50 /* NavigationController+Animations.swift in Sources */,
				F24A09E920119C7F009279CB /* BlurryPlayerView.swift in Sources */,
				F2C43D052011634C00E99423 /* UIView+Blur.swift in Sources */,
				F2B9A0F62017FAAC0010AFE4 /* BlurryAssetsManager.pre.swift in Sources */,
				F24A09E72011967F009279CB /* UIView+Draw.swift in Sources */,
				F2C43CED200ED1B400E99423 /* AspectBar.swift in Sources */,
				F2B9A0EE201627DD0010AFE4 /* BlurryAsset.swift in Sources */,
				F2C3B1F32014CE9600B5C595 /* LibraryViewController.old2.swift in Sources */,
				F2C43CEF200F84C800E99423 /* LibraryViewController.old.swift in Sources */,
				F2C43CD9200CC2F100E99423 /* Foundation+Util.swift in Sources */,
				F2B9A1042017FE0A0010AFE4 /* VideoPlayerToolbar.swift in Sources */,
				F24A09EF2011C383009279CB /* CustomSlider.old2.swift in Sources */,
				F26CA11B20124548008128CA /* LibraryPlayerViewController.old2.swift in Sources */,
				F2C43CE9200E8F4900E99423 /* Common.swift in Sources */,
				F21F2C1120191ECD003833A6 /* NavigationBar.swift in Sources */,
				F2B9A0FE2017FC780010AFE4 /* VideoPickerViewController.swift in Sources */,
				F26A72DC201B96BE00A9CBC3 /* UIViewController+NavigationController.swift in Sources */,
				F26A72DE201BC19F00A9CBC3 /* UIViewController+StatusBar.swift in Sources */,
				F2C43CEB200EC5CC00E99423 /* AspectViewController.old.swift in Sources */,
				F2C43CD5200C723B00E99423 /* CALayer+Util.swift in Sources */,
				F2B9A0EA2014FC0A0010AFE4 /* LibraryViewController.old3.swift in Sources */,
				F24C620D20198EAF0007AA50 /* BackButton.swift in Sources */,
				F2C43CD1200C619700E99423 /* PlayerView.swift in Sources */,
				F2C43D03201161F800E99423 /* BlurEffectView.swift in Sources */,
				F2B9A0F0201628CB0010AFE4 /* BlurryAssetManager.swift in Sources */,
				F2C43CB9200C5FAE00E99423 /* UIColor+Util.swift in Sources */,
				F24A09ED2011BAB9009279CB /* RootViewController.old.swift in Sources */,
				F2C43CDD200E55DE00E99423 /* MainViewController.old.swift in Sources */,
				F2C43CF720100E5F00E99423 /* UIScreen+Resolution.swift in Sources */,
				F2B9A1002017FC950010AFE4 /* VideoPickerCell.swift in Sources */,
				F2C43D0B20118F9000E99423 /* AspectViewController.swift in Sources */,
				F2C43CF520100E0200E99423 /* UIDevice+Util.old.swift in Sources */,
				F2C43CB8200C5FAE00E99423 /* String+Util.swift in Sources */,
				F2C3B1F12013AB9500B5C595 /* LibraryViewController+Transitions.old.swift in Sources */,
				F24C6211201A8C7A0007AA50 /* NavigationBar+Animations.old2.swift in Sources */,
				F2C43D072011655000E99423 /* LibraryPlayerToolbar.old.swift in Sources */,
				F2C43CCF200C616100E99423 /* PlayerViewController.old.swift in Sources */,
				F2C43CDB200DC45F00E99423 /* ArrowLabel.swift in Sources */,
				F2B9A0EC2015F8CB0010AFE4 /* AspectViewController.old3.swift in Sources */,
				F21F2C0F20191EC3003833A6 /* NavigationController.swift in Sources */,
				F2C43CD3200C6BA200E99423 /* GradientLayer.swift in Sources */,
				F24C6213201A9C340007AA50 /* NavigationBar+Animations.swift in Sources */,
				F2C43CB3200C5F8500E99423 /* CustomFont.swift in Sources */,
				F24C620F2019C76F0007AA50 /* NavigationBar+Animations.old.swift in Sources */,
				F24C621A201AE8790007AA50 /* InterfaceOrientation.old.swift in Sources */,
				F24C6215201ADAC30007AA50 /* BackButton+Animations.swift in Sources */,
				F26CA11920123DB8008128CA /* TimeSlider.swift in Sources */,
				F26CA1112011F0D9008128CA /* CustomSlider.old3.swift in Sources */,
				F2C43CD7200C8B2E00E99423 /* CustomSlider.old.swift in Sources */,
				F2C43CF920102E6400E99423 /* NavigationController.old.swift in Sources */,
				F24A09EB2011B13F009279CB /* LibraryPlayerViewController.old3.swift in Sources */,
				F2C43CB1200C5F8500E99423 /* Appearance.old.swift in Sources */,
				F2C43CFB20102E7F00E99423 /* NavigationBar.old.swift in Sources */,
				F26CA11520123513008128CA /* LibraryPlayerViewController.old4.swift in Sources */,
				F2C43CB2200C5F8500E99423 /* ColorPalette.swift in Sources */,
				F2B9A0F82017FBB40010AFE4 /* VideoManagerViewController.swift in Sources */,
				F2B9A0F2201663E50010AFE4 /* MainViewController.swift in Sources */,
				F2B9A0FB2017FC220010AFE4 /* VideoManagerCell.swift in Sources */,
				F2C43D092011724C00E99423 /* UIImage+Util.swift in Sources */,
				F2C43CFD2010468800E99423 /* CoreGraphics+Util.swift in Sources */,
				F2C43D0120108BEA00E99423 /* LibraryPlayerViewController.old.swift in Sources */,
				F2C43CF3200FF20E00E99423 /* Device.old.swift in Sources */,
				F21F2C1620193F89003833A6 /* TestNavigationChildViewController.swift in Sources */,
				F2B9A1022017FD8B0010AFE4 /* VideoPlayerViewController.swift in Sources */,
				F2B9A1062018007E0010AFE4 /* VideoPickerViewController+Transitions.swift in Sources */,
				F2C43CE7200E8F0900E99423 /* AspectButton.swift in Sources */,
				F26CA113201209BA008128CA /* AVPlayer+Util.swift in Sources */,
			);
			runOnlyForDeploymentPostprocessing = 0;
		};
		F2C43C99200C5EC300E99423 /* Sources */ = {
			isa = PBXSourcesBuildPhase;
			buildActionMask = 2147483647;
			files = (
				F2C43CA2200C5EC300E99423 /* BlurryVideoTests.swift in Sources */,
			);
			runOnlyForDeploymentPostprocessing = 0;
		};
/* End PBXSourcesBuildPhase section */

/* Begin PBXTargetDependency section */
		F2C43C9F200C5EC300E99423 /* PBXTargetDependency */ = {
			isa = PBXTargetDependency;
			target = F2C43C88200C5EC300E99423 /* BlurryVideo */;
			targetProxy = F2C43C9E200C5EC300E99423 /* PBXContainerItemProxy */;
		};
/* End PBXTargetDependency section */

/* Begin PBXVariantGroup section */
		F2C43CC1200C602400E99423 /* Localized.strings */ = {
			isa = PBXVariantGroup;
			children = (
				F2C43CC0200C602400E99423 /* Base */,
				F2C43CC2200C604100E99423 /* ro */,
			);
			name = Localized.strings;
			sourceTree = "<group>";
		};
/* End PBXVariantGroup section */

/* Begin XCBuildConfiguration section */
		F2C43CA4200C5EC400E99423 /* Debug */ = {
			isa = XCBuildConfiguration;
			buildSettings = {
				ALWAYS_SEARCH_USER_PATHS = NO;
				CLANG_ANALYZER_LOCALIZABILITY_NONLOCALIZED = YES;
				CLANG_ANALYZER_NONNULL = YES;
				CLANG_CXX_LANGUAGE_STANDARD = "gnu++0x";
				CLANG_CXX_LIBRARY = "libc++";
				CLANG_ENABLE_MODULES = YES;
				CLANG_ENABLE_OBJC_ARC = YES;
				CLANG_WARN_BOOL_CONVERSION = YES;
				CLANG_WARN_CONSTANT_CONVERSION = YES;
				CLANG_WARN_DIRECT_OBJC_ISA_USAGE = YES_ERROR;
				CLANG_WARN_DOCUMENTATION_COMMENTS = YES;
				CLANG_WARN_EMPTY_BODY = YES;
				CLANG_WARN_ENUM_CONVERSION = YES;
				CLANG_WARN_INFINITE_RECURSION = YES;
				CLANG_WARN_INT_CONVERSION = YES;
				CLANG_WARN_OBJC_ROOT_CLASS = YES_ERROR;
				CLANG_WARN_SUSPICIOUS_MOVE = YES;
				CLANG_WARN_UNREACHABLE_CODE = YES;
				CLANG_WARN__DUPLICATE_METHOD_MATCH = YES;
				"CODE_SIGN_IDENTITY[sdk=iphoneos*]" = "iPhone Developer";
				COPY_PHASE_STRIP = NO;
				DEBUG_INFORMATION_FORMAT = dwarf;
				ENABLE_STRICT_OBJC_MSGSEND = YES;
				ENABLE_TESTABILITY = YES;
				GCC_C_LANGUAGE_STANDARD = gnu99;
				GCC_DYNAMIC_NO_PIC = NO;
				GCC_NO_COMMON_BLOCKS = YES;
				GCC_OPTIMIZATION_LEVEL = 0;
				GCC_PREPROCESSOR_DEFINITIONS = (
					"DEBUG=1",
					"$(inherited)",
				);
				GCC_WARN_64_TO_32_BIT_CONVERSION = YES;
				GCC_WARN_ABOUT_RETURN_TYPE = YES_ERROR;
				GCC_WARN_UNDECLARED_SELECTOR = YES;
				GCC_WARN_UNINITIALIZED_AUTOS = YES_AGGRESSIVE;
				GCC_WARN_UNUSED_FUNCTION = YES;
				GCC_WARN_UNUSED_VARIABLE = YES;
				IPHONEOS_DEPLOYMENT_TARGET = 10.2;
				MTL_ENABLE_DEBUG_INFO = YES;
				ONLY_ACTIVE_ARCH = YES;
				SDKROOT = iphoneos;
				SWIFT_ACTIVE_COMPILATION_CONDITIONS = DEBUG;
				SWIFT_OPTIMIZATION_LEVEL = "-Onone";
				TARGETED_DEVICE_FAMILY = "1,2";
			};
			name = Debug;
		};
		F2C43CA5200C5EC400E99423 /* Release */ = {
			isa = XCBuildConfiguration;
			buildSettings = {
				ALWAYS_SEARCH_USER_PATHS = NO;
				CLANG_ANALYZER_LOCALIZABILITY_NONLOCALIZED = YES;
				CLANG_ANALYZER_NONNULL = YES;
				CLANG_CXX_LANGUAGE_STANDARD = "gnu++0x";
				CLANG_CXX_LIBRARY = "libc++";
				CLANG_ENABLE_MODULES = YES;
				CLANG_ENABLE_OBJC_ARC = YES;
				CLANG_WARN_BOOL_CONVERSION = YES;
				CLANG_WARN_CONSTANT_CONVERSION = YES;
				CLANG_WARN_DIRECT_OBJC_ISA_USAGE = YES_ERROR;
				CLANG_WARN_DOCUMENTATION_COMMENTS = YES;
				CLANG_WARN_EMPTY_BODY = YES;
				CLANG_WARN_ENUM_CONVERSION = YES;
				CLANG_WARN_INFINITE_RECURSION = YES;
				CLANG_WARN_INT_CONVERSION = YES;
				CLANG_WARN_OBJC_ROOT_CLASS = YES_ERROR;
				CLANG_WARN_SUSPICIOUS_MOVE = YES;
				CLANG_WARN_UNREACHABLE_CODE = YES;
				CLANG_WARN__DUPLICATE_METHOD_MATCH = YES;
				"CODE_SIGN_IDENTITY[sdk=iphoneos*]" = "iPhone Developer";
				COPY_PHASE_STRIP = NO;
				DEBUG_INFORMATION_FORMAT = "dwarf-with-dsym";
				ENABLE_NS_ASSERTIONS = NO;
				ENABLE_STRICT_OBJC_MSGSEND = YES;
				GCC_C_LANGUAGE_STANDARD = gnu99;
				GCC_NO_COMMON_BLOCKS = YES;
				GCC_WARN_64_TO_32_BIT_CONVERSION = YES;
				GCC_WARN_ABOUT_RETURN_TYPE = YES_ERROR;
				GCC_WARN_UNDECLARED_SELECTOR = YES;
				GCC_WARN_UNINITIALIZED_AUTOS = YES_AGGRESSIVE;
				GCC_WARN_UNUSED_FUNCTION = YES;
				GCC_WARN_UNUSED_VARIABLE = YES;
				IPHONEOS_DEPLOYMENT_TARGET = 10.2;
				MTL_ENABLE_DEBUG_INFO = NO;
				SDKROOT = iphoneos;
				SWIFT_OPTIMIZATION_LEVEL = "-Owholemodule";
				TARGETED_DEVICE_FAMILY = "1,2";
				VALIDATE_PRODUCT = YES;
			};
			name = Release;
		};
		F2C43CA7200C5EC400E99423 /* Debug */ = {
			isa = XCBuildConfiguration;
			buildSettings = {
				ALWAYS_EMBED_SWIFT_STANDARD_LIBRARIES = YES;
				ASSETCATALOG_COMPILER_APPICON_NAME = AppIcon;
				DEVELOPMENT_TEAM = F7U94HT3F7;
				INFOPLIST_FILE = BlurryVideo/Info.plist;
				LD_RUNPATH_SEARCH_PATHS = "$(inherited) @executable_path/Frameworks";
				PRODUCT_BUNDLE_IDENTIFIER = com.marincas.BlurryVideo;
				PRODUCT_NAME = "$(TARGET_NAME)";
				SWIFT_VERSION = 3.0;
			};
			name = Debug;
		};
		F2C43CA8200C5EC400E99423 /* Release */ = {
			isa = XCBuildConfiguration;
			buildSettings = {
				ALWAYS_EMBED_SWIFT_STANDARD_LIBRARIES = YES;
				ASSETCATALOG_COMPILER_APPICON_NAME = AppIcon;
				DEVELOPMENT_TEAM = F7U94HT3F7;
				INFOPLIST_FILE = BlurryVideo/Info.plist;
				LD_RUNPATH_SEARCH_PATHS = "$(inherited) @executable_path/Frameworks";
				PRODUCT_BUNDLE_IDENTIFIER = com.marincas.BlurryVideo;
				PRODUCT_NAME = "$(TARGET_NAME)";
				SWIFT_VERSION = 3.0;
			};
			name = Release;
		};
		F2C43CAA200C5EC400E99423 /* Debug */ = {
			isa = XCBuildConfiguration;
			buildSettings = {
				ALWAYS_EMBED_SWIFT_STANDARD_LIBRARIES = YES;
				BUNDLE_LOADER = "$(TEST_HOST)";
				DEVELOPMENT_TEAM = F7U94HT3F7;
				INFOPLIST_FILE = BlurryVideoTests/Info.plist;
				LD_RUNPATH_SEARCH_PATHS = "$(inherited) @executable_path/Frameworks @loader_path/Frameworks";
				PRODUCT_BUNDLE_IDENTIFIER = com.marincas.BlurryVideoTests;
				PRODUCT_NAME = "$(TARGET_NAME)";
				SWIFT_VERSION = 3.0;
				TEST_HOST = "$(BUILT_PRODUCTS_DIR)/BlurryVideo.app/BlurryVideo";
			};
			name = Debug;
		};
		F2C43CAB200C5EC400E99423 /* Release */ = {
			isa = XCBuildConfiguration;
			buildSettings = {
				ALWAYS_EMBED_SWIFT_STANDARD_LIBRARIES = YES;
				BUNDLE_LOADER = "$(TEST_HOST)";
				DEVELOPMENT_TEAM = F7U94HT3F7;
				INFOPLIST_FILE = BlurryVideoTests/Info.plist;
				LD_RUNPATH_SEARCH_PATHS = "$(inherited) @executable_path/Frameworks @loader_path/Frameworks";
				PRODUCT_BUNDLE_IDENTIFIER = com.marincas.BlurryVideoTests;
				PRODUCT_NAME = "$(TARGET_NAME)";
				SWIFT_VERSION = 3.0;
				TEST_HOST = "$(BUILT_PRODUCTS_DIR)/BlurryVideo.app/BlurryVideo";
			};
			name = Release;
		};
/* End XCBuildConfiguration section */

/* Begin XCConfigurationList section */
		F2C43C84200C5EC300E99423 /* Build configuration list for PBXProject "BlurryVideo" */ = {
			isa = XCConfigurationList;
			buildConfigurations = (
				F2C43CA4200C5EC400E99423 /* Debug */,
				F2C43CA5200C5EC400E99423 /* Release */,
			);
			defaultConfigurationIsVisible = 0;
			defaultConfigurationName = Release;
		};
		F2C43CA6200C5EC400E99423 /* Build configuration list for PBXNativeTarget "BlurryVideo" */ = {
			isa = XCConfigurationList;
			buildConfigurations = (
				F2C43CA7200C5EC400E99423 /* Debug */,
				F2C43CA8200C5EC400E99423 /* Release */,
			);
			defaultConfigurationIsVisible = 0;
			defaultConfigurationName = Release;
		};
		F2C43CA9200C5EC400E99423 /* Build configuration list for PBXNativeTarget "BlurryVideoTests" */ = {
			isa = XCConfigurationList;
			buildConfigurations = (
				F2C43CAA200C5EC400E99423 /* Debug */,
				F2C43CAB200C5EC400E99423 /* Release */,
			);
			defaultConfigurationIsVisible = 0;
			defaultConfigurationName = Release;
		};
/* End XCConfigurationList section */
	};
	rootObject = F2C43C81200C5EC300E99423 /* Project object */;
}
